
Microsoft Visual Studio Solution File, Format Version 12.00
# Visual Studio Version 17
VisualStudioVersion = 17.14.36301.6 d17.14
MinimumVisualStudioVersion = 10.0.40219.1
Project("{FAE04EC0-301F-11D3-BF4B-00C04F79EFBC}") = "ToDoAppWebApi", "ToDoAppWebApi.csproj", "{BF17AF31-7565-45DC-9DB1-D761DB6705A0}"
EndProject
Global
	GlobalSection(SolutionConfigurationPlatforms) = preSolution
		Debug|Any CPU = Debug|Any CPU
		Release|Any CPU = Release|Any CPU
	EndGlobalSection
	GlobalSection(ProjectConfigurationPlatforms) = postSolution
		{BF17AF31-7565-45DC-9DB1-D761DB6705A0}.Debug|Any CPU.ActiveCfg = Debug|Any CPU
		{BF17AF31-7565-45DC-9DB1-D761DB6705A0}.Debug|Any CPU.Build.0 = Debug|Any CPU
		{BF17AF31-7565-45DC-9DB1-D761DB6705A0}.Release|Any CPU.ActiveCfg = Release|Any CPU
		{BF17AF31-7565-45DC-9DB1-D761DB6705A0}.Release|Any CPU.Build.0 = Release|Any CPU
	EndGlobalSection
	GlobalSection(SolutionProperties) = preSolution
		HideSolutionNode = FALSE
	EndGlobalSection
	GlobalSection(ExtensibilityGlobals) = postSolution
		SolutionGuid = {5601384D-AAA3-439F-B5DC-698DC06720B9}
	EndGlobalSection
EndGlobal
